{
  "name": "workspace",
  "lockfileVersion": 3,
  "requires": true,
  "packages": {
    "": {
      "dependencies": {
        "@codesandbox/utils": "^1.0.2"
      }
    },
    "node_modules/@codesandbox/utils": {
      "version": "1.0.2",
      "resolved": "https://registry.npmjs.org/@codesandbox/utils/-/utils-1.0.2.tgz",
      "integrity": "sha512-6F+KS+/JVtgWreEy+xCL/OwxjeO5RrQNKcGTO5PfW6xo45z17TngJlmvXDHbOP8UVp+YJuUavuh4fIUTQwLz5g=="
    }
  }
}
