lockfileVersion: '6.0'

settings:
  autoInstallPeers: true
  excludeLinksFromLockfile: false

dependencies:
  '@codesandbox/utils':
    specifier: ^1.0.2
    version: 1.0.2

packages:

  /@codesandbox/utils@1.0.2:
    resolution: {integrity: sha512-6F+KS+/JVtgWreEy+xCL/OwxjeO5RrQNKcGTO5PfW6xo45z17TngJlmvXDHbOP8UVp+YJuUavuh4fIUTQwLz5g==}
    dev: false
